
Microsoft Visual Studio Solution File, Format Version 12.00
# Visual Studio Version 17
VisualStudioVersion = 17.6.33829.357
MinimumVisualStudioVersion = 10.0.40219.1
Project("{9A19103F-16F7-4668-BE54-9A1E7A4F7556}") = "ContactPro", "ContactPro.csproj", "{952A8871-C8C9-4EC0-B04E-95D400733571}"
EndProject
Global
	GlobalSection(SolutionConfigurationPlatforms) = preSolution
		Debug|Any CPU = Debug|Any CPU
		Release|Any CPU = Release|Any CPU
	EndGlobalSection
	GlobalSection(ProjectConfigurationPlatforms) = postSolution
		{952A8871-C8C9-4EC0-B04E-95D400733571}.Debug|Any CPU.ActiveCfg = Debug|Any CPU
		{952A8871-C8C9-4EC0-B04E-95D400733571}.Debug|Any CPU.Build.0 = Debug|Any CPU
		{952A8871-C8C9-4EC0-B04E-95D400733571}.Release|Any CPU.ActiveCfg = Release|Any CPU
		{952A8871-C8C9-4EC0-B04E-95D400733571}.Release|Any CPU.Build.0 = Release|Any CPU
	EndGlobalSection
	GlobalSection(SolutionProperties) = preSolution
		HideSolutionNode = FALSE
	EndGlobalSection
	GlobalSection(ExtensibilityGlobals) = postSolution
		SolutionGuid = {2E23B669-85F5-4FD9-A4BB-4847951BDD51}
	EndGlobalSection
EndGlobal
